
Microsoft Visual Studio Solution File, Format Version 12.00
# Visual Studio Version 17
VisualStudioVersion = 17.4.33103.184
MinimumVisualStudioVersion = 10.0.40219.1
Project("{9A19103F-16F7-4668-BE54-9A1E7A4F7556}") = "SignalF.Datamodel.Base.Abstractions", "SignalF.Datamodel.Base.Abstractions\SignalF.Datamodel.Base.Abstractions.csproj", "{A34D3C8B-BA20-4926-8485-B9F9F66ED1D1}"
EndProject
Project("{9A19103F-16F7-4668-BE54-9A1E7A4F7556}") = "SignalF.Datamodel.Configuration.Abstractions", "SignalF.Datamodel.Configuration.Abstractions\SignalF.Datamodel.Configuration.Abstractions.csproj", "{9DC15144-C7D5-433B-A1C9-C99866BDC979}"
EndProject
Project("{9A19103F-16F7-4668-BE54-9A1E7A4F7556}") = "SignalF.Datamodel.Hardware.Abstractions", "SignalF.Datamodel.Hardware.Abstractions\SignalF.Datamodel.Hardware.Abstractions.csproj", "{CCCC2D7D-36BD-453E-B6C7-FC4C78C68922}"
EndProject
Project("{9A19103F-16F7-4668-BE54-9A1E7A4F7556}") = "SignalF.Datamodel.Signals.Abstractions", "SignalF.Datamodel.Signals.Abstractions\SignalF.Datamodel.Signals.Abstractions.csproj", "{054E3A81-F54D-4804-9E68-5E9EA2C05B83}"
EndProject
Project("{9A19103F-16F7-4668-BE54-9A1E7A4F7556}") = "SignalF.Datamodel.Units.Abstractions", "SignalF.Datamodel.Units.Abstractions\SignalF.Datamodel.Units.Abstractions.csproj", "{1FC56F64-2D5F-452D-B8D6-123B3F6BA5BE}"
EndProject
Project("{2150E333-8FDC-42A3-9474-1A3956D46DE8}") = "Build", "Build", "{DF88A7A2-23D4-41EF-A0F5-B985F04AE544}"
	ProjectSection(SolutionItems) = preProject
		..\..\Build\GenerateBusinessObjects.proj = ..\..\Build\GenerateBusinessObjects.proj
	EndProjectSection
EndProject
Project("{9A19103F-16F7-4668-BE54-9A1E7A4F7556}") = "SignalF.Datamodel.Calculation.Abstractions", "SignalF.Datamodel.Calculation.Abstractions\SignalF.Datamodel.Calculation.Abstractions.csproj", "{E35B5001-B072-4F0C-B1F7-13FE41DC3AC5}"
EndProject
Project("{9A19103F-16F7-4668-BE54-9A1E7A4F7556}") = "SignalF.Datamodel.Workflow.Abstractions", "SignalF.Datamodel.Workflow.Abstractions\SignalF.Datamodel.Workflow.Abstractions.csproj", "{F8CBFB41-DCD4-4D21-A6CF-0DC433CFFC7F}"
EndProject
Project("{9A19103F-16F7-4668-BE54-9A1E7A4F7556}") = "SignalF.Datamodel.DataOutput.Abstractions", "SignalF.Datamodel.DataOutput.Abstractions\SignalF.Datamodel.DataOutput.Abstractions.csproj", "{8D1DA0F7-22A5-4B43-A74A-EDE33C929EDE}"
EndProject
Project("{9A19103F-16F7-4668-BE54-9A1E7A4F7556}") = "SignalF.Datamodel.Devices.Abstractions", "SignalF.Datamodel.Devices.Abstractions\SignalF.Datamodel.Devices.Abstractions.csproj", "{D8BA17E9-9448-4E35-9341-2E2FA2ECC1F5}"
EndProject
Project("{9A19103F-16F7-4668-BE54-9A1E7A4F7556}") = "SignalF.Datamodel.Designer.Abstractions", "SignalF.Datamodel.Designer.Abstractions\SignalF.Datamodel.Designer.Abstractions.csproj", "{09E732FC-B014-420D-8BEF-14F416DD050F}"
EndProject
Project("{9A19103F-16F7-4668-BE54-9A1E7A4F7556}") = "SignalF.Datamodel.ProcessControl.Abstractions", "SignalF.Datamodel.ProcessControl.Abstractions\SignalF.Datamodel.ProcessControl.Abstractions.csproj", "{BAE0CC33-9644-4284-9573-A0AD1303E355}"
EndProject
Global
	GlobalSection(SolutionConfigurationPlatforms) = preSolution
		Debug|Any CPU = Debug|Any CPU
		Release|Any CPU = Release|Any CPU
	EndGlobalSection
	GlobalSection(ProjectConfigurationPlatforms) = postSolution
		{A34D3C8B-BA20-4926-8485-B9F9F66ED1D1}.Debug|Any CPU.ActiveCfg = Debug|Any CPU
		{A34D3C8B-BA20-4926-8485-B9F9F66ED1D1}.Debug|Any CPU.Build.0 = Debug|Any CPU
		{A34D3C8B-BA20-4926-8485-B9F9F66ED1D1}.Release|Any CPU.ActiveCfg = Release|Any CPU
		{A34D3C8B-BA20-4926-8485-B9F9F66ED1D1}.Release|Any CPU.Build.0 = Release|Any CPU
		{9DC15144-C7D5-433B-A1C9-C99866BDC979}.Debug|Any CPU.ActiveCfg = Debug|Any CPU
		{9DC15144-C7D5-433B-A1C9-C99866BDC979}.Debug|Any CPU.Build.0 = Debug|Any CPU
		{9DC15144-C7D5-433B-A1C9-C99866BDC979}.Release|Any CPU.ActiveCfg = Release|Any CPU
		{9DC15144-C7D5-433B-A1C9-C99866BDC979}.Release|Any CPU.Build.0 = Release|Any CPU
		{CCCC2D7D-36BD-453E-B6C7-FC4C78C68922}.Debug|Any CPU.ActiveCfg = Debug|Any CPU
		{CCCC2D7D-36BD-453E-B6C7-FC4C78C68922}.Debug|Any CPU.Build.0 = Debug|Any CPU
		{CCCC2D7D-36BD-453E-B6C7-FC4C78C68922}.Release|Any CPU.ActiveCfg = Release|Any CPU
		{CCCC2D7D-36BD-453E-B6C7-FC4C78C68922}.Release|Any CPU.Build.0 = Release|Any CPU
		{054E3A81-F54D-4804-9E68-5E9EA2C05B83}.Debug|Any CPU.ActiveCfg = Debug|Any CPU
		{054E3A81-F54D-4804-9E68-5E9EA2C05B83}.Debug|Any CPU.Build.0 = Debug|Any CPU
		{054E3A81-F54D-4804-9E68-5E9EA2C05B83}.Release|Any CPU.ActiveCfg = Release|Any CPU
		{054E3A81-F54D-4804-9E68-5E9EA2C05B83}.Release|Any CPU.Build.0 = Release|Any CPU
		{1FC56F64-2D5F-452D-B8D6-123B3F6BA5BE}.Debug|Any CPU.ActiveCfg = Debug|Any CPU
		{1FC56F64-2D5F-452D-B8D6-123B3F6BA5BE}.Debug|Any CPU.Build.0 = Debug|Any CPU
		{1FC56F64-2D5F-452D-B8D6-123B3F6BA5BE}.Release|Any CPU.ActiveCfg = Release|Any CPU
		{1FC56F64-2D5F-452D-B8D6-123B3F6BA5BE}.Release|Any CPU.Build.0 = Release|Any CPU
		{E35B5001-B072-4F0C-B1F7-13FE41DC3AC5}.Debug|Any CPU.ActiveCfg = Debug|Any CPU
		{E35B5001-B072-4F0C-B1F7-13FE41DC3AC5}.Debug|Any CPU.Build.0 = Debug|Any CPU
		{E35B5001-B072-4F0C-B1F7-13FE41DC3AC5}.Release|Any CPU.ActiveCfg = Release|Any CPU
		{E35B5001-B072-4F0C-B1F7-13FE41DC3AC5}.Release|Any CPU.Build.0 = Release|Any CPU
		{F8CBFB41-DCD4-4D21-A6CF-0DC433CFFC7F}.Debug|Any CPU.ActiveCfg = Debug|Any CPU
		{F8CBFB41-DCD4-4D21-A6CF-0DC433CFFC7F}.Debug|Any CPU.Build.0 = Debug|Any CPU
		{F8CBFB41-DCD4-4D21-A6CF-0DC433CFFC7F}.Release|Any CPU.ActiveCfg = Release|Any CPU
		{F8CBFB41-DCD4-4D21-A6CF-0DC433CFFC7F}.Release|Any CPU.Build.0 = Release|Any CPU
		{8D1DA0F7-22A5-4B43-A74A-EDE33C929EDE}.Debug|Any CPU.ActiveCfg = Debug|Any CPU
		{8D1DA0F7-22A5-4B43-A74A-EDE33C929EDE}.Debug|Any CPU.Build.0 = Debug|Any CPU
		{8D1DA0F7-22A5-4B43-A74A-EDE33C929EDE}.Release|Any CPU.ActiveCfg = Release|Any CPU
		{8D1DA0F7-22A5-4B43-A74A-EDE33C929EDE}.Release|Any CPU.Build.0 = Release|Any CPU
		{D8BA17E9-9448-4E35-9341-2E2FA2ECC1F5}.Debug|Any CPU.ActiveCfg = Debug|Any CPU
		{D8BA17E9-9448-4E35-9341-2E2FA2ECC1F5}.Debug|Any CPU.Build.0 = Debug|Any CPU
		{D8BA17E9-9448-4E35-9341-2E2FA2ECC1F5}.Release|Any CPU.ActiveCfg = Release|Any CPU
		{D8BA17E9-9448-4E35-9341-2E2FA2ECC1F5}.Release|Any CPU.Build.0 = Release|Any CPU
		{09E732FC-B014-420D-8BEF-14F416DD050F}.Debug|Any CPU.ActiveCfg = Debug|Any CPU
		{09E732FC-B014-420D-8BEF-14F416DD050F}.Debug|Any CPU.Build.0 = Debug|Any CPU
		{09E732FC-B014-420D-8BEF-14F416DD050F}.Release|Any CPU.ActiveCfg = Release|Any CPU
		{09E732FC-B014-420D-8BEF-14F416DD050F}.Release|Any CPU.Build.0 = Release|Any CPU
		{BAE0CC33-9644-4284-9573-A0AD1303E355}.Debug|Any CPU.ActiveCfg = Debug|Any CPU
		{BAE0CC33-9644-4284-9573-A0AD1303E355}.Debug|Any CPU.Build.0 = Debug|Any CPU
		{BAE0CC33-9644-4284-9573-A0AD1303E355}.Release|Any CPU.ActiveCfg = Release|Any CPU
		{BAE0CC33-9644-4284-9573-A0AD1303E355}.Release|Any CPU.Build.0 = Release|Any CPU
	EndGlobalSection
	GlobalSection(SolutionProperties) = preSolution
		HideSolutionNode = FALSE
	EndGlobalSection
	GlobalSection(ExtensibilityGlobals) = postSolution
		SolutionGuid = {9B15A861-421E-4C18-9BFA-477FC16CEA40}
	EndGlobalSection
EndGlobal
