
Microsoft Visual Studio Solution File, Format Version 12.00
# Visual Studio Version 17
VisualStudioVersion = 17.4.33103.184
MinimumVisualStudioVersion = 10.0.40219.1
Project("{9A19103F-16F7-4668-BE54-9A1E7A4F7556}") = "SignalF.Configuration.SourceGenerator", "Controller\SignalF.Configuration.SourceGenerator\SignalF.Configuration.SourceGenerator.csproj", "{196EAAE8-A271-4CA7-8404-109CC94A4F0C}"
EndProject
Project("{9A19103F-16F7-4668-BE54-9A1E7A4F7556}") = "SignalF.Configuration.Integration", "Controller\SignalF.Configuration.Integration\SignalF.Configuration.Integration.csproj", "{9C9ED91D-80B1-4453-901F-5714297C51EA}"
EndProject
Global
	GlobalSection(SolutionConfigurationPlatforms) = preSolution
		Debug|Any CPU = Debug|Any CPU
		Debug|ARM = Debug|ARM
		Debug|ARM64 = Debug|ARM64
		Debug|x64 = Debug|x64
		Debug|x86 = Debug|x86
		Release|Any CPU = Release|Any CPU
		Release|ARM = Release|ARM
		Release|ARM64 = Release|ARM64
		Release|x64 = Release|x64
		Release|x86 = Release|x86
	EndGlobalSection
	GlobalSection(ProjectConfigurationPlatforms) = postSolution
		{196EAAE8-A271-4CA7-8404-109CC94A4F0C}.Debug|Any CPU.ActiveCfg = Debug|Any CPU
		{196EAAE8-A271-4CA7-8404-109CC94A4F0C}.Debug|Any CPU.Build.0 = Debug|Any CPU
		{196EAAE8-A271-4CA7-8404-109CC94A4F0C}.Debug|ARM.ActiveCfg = Debug|Any CPU
		{196EAAE8-A271-4CA7-8404-109CC94A4F0C}.Debug|ARM.Build.0 = Debug|Any CPU
		{196EAAE8-A271-4CA7-8404-109CC94A4F0C}.Debug|ARM64.ActiveCfg = Debug|Any CPU
		{196EAAE8-A271-4CA7-8404-109CC94A4F0C}.Debug|ARM64.Build.0 = Debug|Any CPU
		{196EAAE8-A271-4CA7-8404-109CC94A4F0C}.Debug|x64.ActiveCfg = Debug|Any CPU
		{196EAAE8-A271-4CA7-8404-109CC94A4F0C}.Debug|x64.Build.0 = Debug|Any CPU
		{196EAAE8-A271-4CA7-8404-109CC94A4F0C}.Debug|x86.ActiveCfg = Debug|Any CPU
		{196EAAE8-A271-4CA7-8404-109CC94A4F0C}.Debug|x86.Build.0 = Debug|Any CPU
		{196EAAE8-A271-4CA7-8404-109CC94A4F0C}.Release|Any CPU.ActiveCfg = Release|Any CPU
		{196EAAE8-A271-4CA7-8404-109CC94A4F0C}.Release|Any CPU.Build.0 = Release|Any CPU
		{196EAAE8-A271-4CA7-8404-109CC94A4F0C}.Release|ARM.ActiveCfg = Release|Any CPU
		{196EAAE8-A271-4CA7-8404-109CC94A4F0C}.Release|ARM.Build.0 = Release|Any CPU
		{196EAAE8-A271-4CA7-8404-109CC94A4F0C}.Release|ARM64.ActiveCfg = Release|Any CPU
		{196EAAE8-A271-4CA7-8404-109CC94A4F0C}.Release|ARM64.Build.0 = Release|Any CPU
		{196EAAE8-A271-4CA7-8404-109CC94A4F0C}.Release|x64.ActiveCfg = Release|Any CPU
		{196EAAE8-A271-4CA7-8404-109CC94A4F0C}.Release|x64.Build.0 = Release|Any CPU
		{196EAAE8-A271-4CA7-8404-109CC94A4F0C}.Release|x86.ActiveCfg = Release|Any CPU
		{196EAAE8-A271-4CA7-8404-109CC94A4F0C}.Release|x86.Build.0 = Release|Any CPU
		{9C9ED91D-80B1-4453-901F-5714297C51EA}.Debug|Any CPU.ActiveCfg = Debug|Any CPU
		{9C9ED91D-80B1-4453-901F-5714297C51EA}.Debug|Any CPU.Build.0 = Debug|Any CPU
		{9C9ED91D-80B1-4453-901F-5714297C51EA}.Debug|ARM.ActiveCfg = Debug|Any CPU
		{9C9ED91D-80B1-4453-901F-5714297C51EA}.Debug|ARM.Build.0 = Debug|Any CPU
		{9C9ED91D-80B1-4453-901F-5714297C51EA}.Debug|ARM64.ActiveCfg = Debug|Any CPU
		{9C9ED91D-80B1-4453-901F-5714297C51EA}.Debug|ARM64.Build.0 = Debug|Any CPU
		{9C9ED91D-80B1-4453-901F-5714297C51EA}.Debug|x64.ActiveCfg = Debug|Any CPU
		{9C9ED91D-80B1-4453-901F-5714297C51EA}.Debug|x64.Build.0 = Debug|Any CPU
		{9C9ED91D-80B1-4453-901F-5714297C51EA}.Debug|x86.ActiveCfg = Debug|Any CPU
		{9C9ED91D-80B1-4453-901F-5714297C51EA}.Debug|x86.Build.0 = Debug|Any CPU
		{9C9ED91D-80B1-4453-901F-5714297C51EA}.Release|Any CPU.ActiveCfg = Release|Any CPU
		{9C9ED91D-80B1-4453-901F-5714297C51EA}.Release|Any CPU.Build.0 = Release|Any CPU
		{9C9ED91D-80B1-4453-901F-5714297C51EA}.Release|ARM.ActiveCfg = Release|Any CPU
		{9C9ED91D-80B1-4453-901F-5714297C51EA}.Release|ARM.Build.0 = Release|Any CPU
		{9C9ED91D-80B1-4453-901F-5714297C51EA}.Release|ARM64.ActiveCfg = Release|Any CPU
		{9C9ED91D-80B1-4453-901F-5714297C51EA}.Release|ARM64.Build.0 = Release|Any CPU
		{9C9ED91D-80B1-4453-901F-5714297C51EA}.Release|x64.ActiveCfg = Release|Any CPU
		{9C9ED91D-80B1-4453-901F-5714297C51EA}.Release|x64.Build.0 = Release|Any CPU
		{9C9ED91D-80B1-4453-901F-5714297C51EA}.Release|x86.ActiveCfg = Release|Any CPU
		{9C9ED91D-80B1-4453-901F-5714297C51EA}.Release|x86.Build.0 = Release|Any CPU
	EndGlobalSection
	GlobalSection(SolutionProperties) = preSolution
		HideSolutionNode = FALSE
	EndGlobalSection
	GlobalSection(ExtensibilityGlobals) = postSolution
		SolutionGuid = {9B15A861-421E-4C18-9BFA-477FC16CEA40}
	EndGlobalSection
EndGlobal
